
Microsoft Visual Studio Solution File, Format Version 12.00
# Visual Studio Version 17
VisualStudioVersion = 17.5.33414.496
MinimumVisualStudioVersion = 10.0.40219.1
Project("{9A19103F-16F7-4668-BE54-9A1E7A4F7556}") = "Wrapper", "Wrapper.csproj", "{84A02039-B890-46D9-AC88-A90FEE089ACD}"
EndProject
Global
	GlobalSection(SolutionConfigurationPlatforms) = preSolution
		Debug|Any CPU = Debug|Any CPU
		Release|Any CPU = Release|Any CPU
	EndGlobalSection
	GlobalSection(ProjectConfigurationPlatforms) = postSolution
		{84A02039-B890-46D9-AC88-A90FEE089ACD}.Debug|Any CPU.ActiveCfg = Debug|Any CPU
		{84A02039-B890-46D9-AC88-A90FEE089ACD}.Debug|Any CPU.Build.0 = Debug|Any CPU
		{84A02039-B890-46D9-AC88-A90FEE089ACD}.Release|Any CPU.ActiveCfg = Release|Any CPU
		{84A02039-B890-46D9-AC88-A90FEE089ACD}.Release|Any CPU.Build.0 = Release|Any CPU
	EndGlobalSection
	GlobalSection(SolutionProperties) = preSolution
		HideSolutionNode = FALSE
	EndGlobalSection
	GlobalSection(ExtensibilityGlobals) = postSolution
		SolutionGuid = {DB93D879-CA72-442A-8935-B5FD0123CF72}
	EndGlobalSection
EndGlobal
